
Microsoft Visual Studio Solution File, Format Version 12.00
# Visual Studio Version 16
VisualStudioVersion = 16.0.31729.503
MinimumVisualStudioVersion = 10.0.40219.1
Project("{FAE04EC0-301F-11D3-BF4B-00C04F79EFBC}") = "Controlador", "Punto De Venta\Controlador.csproj", "{98C2CB2F-7EE6-437C-8F69-BB47A337223F}"
EndProject
Project("{FAE04EC0-301F-11D3-BF4B-00C04F79EFBC}") = "Vista", "Controlador\Vista.csproj", "{33F7ECC7-B61B-4673-A77F-B636697D10EB}"
EndProject
Project("{FAE04EC0-301F-11D3-BF4B-00C04F79EFBC}") = "Modelo", "Modelo\Modelo.csproj", "{FDB30ED0-A534-4C25-A977-E58DD0DC74E8}"
EndProject
Project("{FAE04EC0-301F-11D3-BF4B-00C04F79EFBC}") = "ControladorDLL", "ControladorDLL\ControladorDLL.csproj", "{02171332-DCF1-4F52-BB17-D05752A45899}"
EndProject
Global
	GlobalSection(SolutionConfigurationPlatforms) = preSolution
		Debug|Any CPU = Debug|Any CPU
		Release|Any CPU = Release|Any CPU
	EndGlobalSection
	GlobalSection(ProjectConfigurationPlatforms) = postSolution
		{98C2CB2F-7EE6-437C-8F69-BB47A337223F}.Debug|Any CPU.ActiveCfg = Debug|Any CPU
		{98C2CB2F-7EE6-437C-8F69-BB47A337223F}.Debug|Any CPU.Build.0 = Debug|Any CPU
		{98C2CB2F-7EE6-437C-8F69-BB47A337223F}.Release|Any CPU.ActiveCfg = Release|Any CPU
		{98C2CB2F-7EE6-437C-8F69-BB47A337223F}.Release|Any CPU.Build.0 = Release|Any CPU
		{33F7ECC7-B61B-4673-A77F-B636697D10EB}.Debug|Any CPU.ActiveCfg = Debug|Any CPU
		{33F7ECC7-B61B-4673-A77F-B636697D10EB}.Debug|Any CPU.Build.0 = Debug|Any CPU
		{33F7ECC7-B61B-4673-A77F-B636697D10EB}.Release|Any CPU.ActiveCfg = Release|Any CPU
		{33F7ECC7-B61B-4673-A77F-B636697D10EB}.Release|Any CPU.Build.0 = Release|Any CPU
		{FDB30ED0-A534-4C25-A977-E58DD0DC74E8}.Debug|Any CPU.ActiveCfg = Debug|Any CPU
		{FDB30ED0-A534-4C25-A977-E58DD0DC74E8}.Debug|Any CPU.Build.0 = Debug|Any CPU
		{FDB30ED0-A534-4C25-A977-E58DD0DC74E8}.Release|Any CPU.ActiveCfg = Release|Any CPU
		{FDB30ED0-A534-4C25-A977-E58DD0DC74E8}.Release|Any CPU.Build.0 = Release|Any CPU
		{02171332-DCF1-4F52-BB17-D05752A45899}.Debug|Any CPU.ActiveCfg = Debug|Any CPU
		{02171332-DCF1-4F52-BB17-D05752A45899}.Debug|Any CPU.Build.0 = Debug|Any CPU
		{02171332-DCF1-4F52-BB17-D05752A45899}.Release|Any CPU.ActiveCfg = Release|Any CPU
		{02171332-DCF1-4F52-BB17-D05752A45899}.Release|Any CPU.Build.0 = Release|Any CPU
	EndGlobalSection
	GlobalSection(SolutionProperties) = preSolution
		HideSolutionNode = FALSE
	EndGlobalSection
	GlobalSection(ExtensibilityGlobals) = postSolution
		SolutionGuid = {F87E26E9-AF82-4EC6-9B28-012FD13F46A9}
	EndGlobalSection
EndGlobal
